<Solution>
  <Project Path="NetCoreAI.Project03_RapidApi/NetCoreAl.Project03_RapidApi.csproj" Id="bec28f1c-2800-4457-843e-fa6045568de0" />
  <Project Path="NetCoreAl.Project01_ApiDemo/NetCoreAl.Project01_ApiDemo.csproj" />
  <Project Path="NetCoreAl.Project04_OpenAlChat/NetCoreAl.Project04_OpenAlChat.csproj" Id="445f27b1-7e24-4aed-9214-5076a152e73e" />
  <Project Path="NetCoreAl.Project05_OpenWhisperAudioTranskript/NetCoreAl.Project05_OpenWhisperAudioTranskript.csproj" Id="b39c7bbc-357c-4d45-9c8b-968cfdb2b1d9" />
  <Project Path="NetCoreAl.Project06_DallElmageGeneration/NetCoreAl.Project06_DallElmageGeneration.csproj" Id="5115d03f-5076-4361-bc87-cbc85265e285" />
  <Project Path="NetCoreAl.Project07_TesseractOcr/NetCoreAl.Project07_TesseractOcr.csproj" Id="7d249082-f158-4473-8351-bc6bf007240a" />
  <Project Path="NetCoreAl.Project08_GoogleCloudVision/NetCoreAl.Project08_GoogleCloudVision.csproj" Id="1616aeb3-f800-4ba0-bb4c-23456108f186" />
  <Project Path="NetCoreAl.Project09_OpenAITranslate/NetCoreAl.Project09_OpenAITranslate.csproj" Id="4f2670fe-baa6-42a9-8676-068987cecfa0" />
  <Project Path="NetCoreAl.Project0_ApiConsumeUI/NetCoreAl.Project02_ApiConsumeUI.csproj" Id="dc847c98-977a-41e4-a901-7895d7d3a3cf" />
  <Project Path="NetCoreAl.Project10_TextToSpeech/NetCoreAl.Project10_TextToSpeech.csproj" Id="639d6a48-27fd-4159-beaa-1de3d6219ae8" />
  <Project Path="NetCoreAl.Project11_TextToSpeechWithOpenAl/NetCoreAl.Project11_TextToSpeechWithOpenAl.csproj" Id="65e56794-2448-45ae-8983-a16c9d835a99" />
  <Project Path="NetCoreAl.Project12_SentimentAlApp/NetCoreAl.Project12_SentimentAlApp.csproj" Id="143f15a5-1667-4ded-84cd-cf2d96056920" />
  <Project Path="NetCoreAl.Project13_SentimentWithDegreeAlApp/NetCoreAl.Project13_SentimentWithDegreeAlApp.csproj" Id="910a94fd-161a-447c-b384-52c1da125e72" />
</Solution>
